{
  "originHash" : "f4e3989e79417bd72fa8fda88ee6daef0c09f7217895b9b7a11708b16f7dadaf",
  "pins" : [
    {
      "identity" : "akashic",
      "kind" : "remoteSourceControl",
      "location" : "https://github.com/YuLeiFuYun/Akashic.git",
      "state" : {
        "revision" : "50e7032b155187b993b5a82f613c3a0410d32976"
      }
    },
    {
      "identity" : "imagecraft",
      "kind" : "remoteSourceControl",
      "location" : "https://github.com/YuLeiFuYun/ImageCraft.git",
      "state" : {
        "revision" : "4507da936ef348fa198652c2e4314a1f393b2c90"
      }
    }
  ],
  "version" : 3
}
