{
  "originHash" : "822764710c733ffe1412e10602bb15538e335ce1b51e66a3f5f67e57e349dba6",
  "pins" : [
    {
      "identity" : "akashic",
      "kind" : "remoteSourceControl",
      "location" : "https://github.com/YuLeiFuYun/Akashic.git",
      "state" : {
        "revision" : "2715f23d50b5a17b7328be41608eaf1b1c99b0d6"
      }
    },
    {
      "identity" : "imagecraft",
      "kind" : "remoteSourceControl",
      "location" : "https://github.com/YuLeiFuYun/ImageCraft.git",
      "state" : {
        "revision" : "bc93b8df0337d7a57779b53106dd744ad97b095e"
      }
    }
  ],
  "version" : 3
}
