{
  "originHash" : "822764710c733ffe1412e10602bb15538e335ce1b51e66a3f5f67e57e349dba6",
  "pins" : [
    {
      "identity" : "akashic",
      "kind" : "remoteSourceControl",
      "location" : "https://github.com/YuLeiFuYun/Akashic.git",
      "state" : {
        "revision" : "0376b960ec8abe54f2d4a9d7d66e97f395215eaf"
      }
    },
    {
      "identity" : "imagecraft",
      "kind" : "remoteSourceControl",
      "location" : "https://github.com/YuLeiFuYun/ImageCraft.git",
      "state" : {
        "revision" : "c16a868f1a1c0ed6b1a916ad082f762969ac5a7e"
      }
    }
  ],
  "version" : 3
}
