{
  "originHash" : "e6654da97447c8e400f7099fa9a91699961a8c5f6cecb869a359a528fa94d36a",
  "pins" : [
    {
      "identity" : "akashic",
      "kind" : "remoteSourceControl",
      "location" : "https://github.com/YuLeiFuYun/Akashic.git",
      "state" : {
        "revision" : "2846d4715cc5917711ffa2f100ee310c2290de40"
      }
    },
    {
      "identity" : "imagecraft",
      "kind" : "remoteSourceControl",
      "location" : "https://github.com/YuLeiFuYun/ImageCraft.git",
      "state" : {
        "revision" : "c16a868f1a1c0ed6b1a916ad082f762969ac5a7e"
      }
    }
  ],
  "version" : 3
}
