{
  "originHash" : "f7e68c3ac7ba375ba6470c2aeb425280bda59dff5457bce887e188508da53be7",
  "pins" : [
    {
      "identity" : "akashic",
      "kind" : "remoteSourceControl",
      "location" : "https://github.com/YuLeiFuYun/Akashic.git",
      "state" : {
        "revision" : "2846d4715cc5917711ffa2f100ee310c2290de40"
      }
    },
    {
      "identity" : "imagecraft",
      "kind" : "remoteSourceControl",
      "location" : "https://github.com/YuLeiFuYun/ImageCraft.git",
      "state" : {
        "revision" : "eaa981c779a71838babb3c99905bdab5dfbd17ab"
      }
    }
  ],
  "version" : 3
}
