{
  "originHash" : "a9992f60900d06a8a2634ddbe907a2064963cdf40c06a7a840f2ac15250f69aa",
  "pins" : [
    {
      "identity" : "imagecraft",
      "kind" : "remoteSourceControl",
      "location" : "https://github.com/YuLeiFuYun/ImageCraft.git",
      "state" : {
        "revision" : "736d0fb75e9e128642ce418ad984ce5151b1f324"
      }
    }
  ],
  "version" : 3
}
