{
  "originHash" : "6e989a40f9c12edaf760c72a2f2e63fa3e1cea49d8c35e4f6eddc339a26ca107",
  "pins" : [
    {
      "identity" : "imagecraft",
      "kind" : "remoteSourceControl",
      "location" : "https://github.com/YuLeiFuYun/ImageCraft.git",
      "state" : {
        "revision" : "bc93b8df0337d7a57779b53106dd744ad97b095e"
      }
    }
  ],
  "version" : 3
}
