{
  "originHash" : "fc1c4b934c00655deb864eb79cbbc432f4ea6eab1983f89fde4c10d567c9c8f2",
  "pins" : [
    {
      "identity" : "imagecraft",
      "kind" : "remoteSourceControl",
      "location" : "https://github.com/YuLeiFuYun/ImageCraft.git",
      "state" : {
        "revision" : "e147b349d4ff440af6f257c3fb8a7cb4788c953b"
      }
    }
  ],
  "version" : 3
}
