{
  "originHash" : "df95621766a01f89b8634cb5c280c9abbb8cfb06c6a640168719971bdba82fa3",
  "pins" : [
    {
      "identity" : "delegate",
      "kind" : "remoteSourceControl",
      "location" : "https://github.com/onevcat/Delegate.git",
      "state" : {
        "revision" : "ec3014ca2621c717f758d8718ec90e84b6e774b3",
        "version" : "1.3.0"
      }
    }
  ],
  "version" : 3
}
