{
  "originHash" : "bd5c936963fafc0d8d0fe6b2750767ee60e6574c62a6d756d2a2c376f4cc1e45",
  "pins" : [
    {
      "identity" : "akashic",
      "kind" : "remoteSourceControl",
      "location" : "https://github.com/YuLeiFuYun/Akashic.git",
      "state" : {
        "revision" : "2846d4715cc5917711ffa2f100ee310c2290de40"
      }
    },
    {
      "identity" : "imagecraft",
      "kind" : "remoteSourceControl",
      "location" : "https://github.com/YuLeiFuYun/ImageCraft.git",
      "state" : {
        "revision" : "eaa981c779a71838babb3c99905bdab5dfbd17ab"
      }
    },
    {
      "identity" : "pinoperation",
      "kind" : "remoteSourceControl",
      "location" : "https://github.com/pinterest/PINOperation.git",
      "state" : {
        "revision" : "a74f978733bdaf982758bfa23d70a189f4b4c1b6",
        "version" : "1.2.3"
      }
    }
  ],
  "version" : 3
}
