{
  "originHash" : "fb20742eed41f3d4addc919b3edec5fba01f24b204856fa52f60750ca0289a10",
  "pins" : [
    {
      "identity" : "akashic",
      "kind" : "remoteSourceControl",
      "location" : "https://github.com/YuLeiFuYun/Akashic.git",
      "state" : {
        "revision" : "2846d4715cc5917711ffa2f100ee310c2290de40"
      }
    },
    {
      "identity" : "imagecraft",
      "kind" : "remoteSourceControl",
      "location" : "https://github.com/YuLeiFuYun/ImageCraft.git",
      "state" : {
        "revision" : "3b7f7ef212acfa42a022d7cd0bfad73c0cd2d252"
      }
    }
  ],
  "version" : 3
}
