{
  "originHash" : "51dbe23ca9fc04f7c382a95a264476ab40af6d7ea284390bd5e3d346fefa646e",
  "pins" : [
    {
      "identity" : "akashic",
      "kind" : "remoteSourceControl",
      "location" : "https://github.com/YuLeiFuYun/Akashic.git",
      "state" : {
        "revision" : "2715f23d50b5a17b7328be41608eaf1b1c99b0d6"
      }
    },
    {
      "identity" : "imagecraft",
      "kind" : "remoteSourceControl",
      "location" : "https://github.com/YuLeiFuYun/ImageCraft.git",
      "state" : {
        "revision" : "e147b349d4ff440af6f257c3fb8a7cb4788c953b"
      }
    }
  ],
  "version" : 3
}
